# This file is generated by block. Do not edit it by hand.

version = 1

[[tools]]
name = "foundry"
constraint = "1.7"
version = "1.7.1"
bin = ["forge", "cast", "anvil", "chisel"]
strip_components = 0

[[tools.artifacts]]
platform = "darwin/amd64"
url = "https://github.com/foundry-rs/foundry/releases/download/v1.7.1/foundry_v1.7.1_darwin_amd64.tar.gz"
sha256 = "c7fd1f5c9bf718d30b5cb6fc94eac605039de2aa50afc4c545a4dddc1e411acb"

[[tools.artifacts]]
platform = "darwin/arm64"
url = "https://github.com/foundry-rs/foundry/releases/download/v1.7.1/foundry_v1.7.1_darwin_arm64.tar.gz"
sha256 = "eacdc67718fac857cad9e19c7f6729dd80de731d09df81856391d093cfcab547"

[[tools.artifacts]]
platform = "linux/amd64"
url = "https://github.com/foundry-rs/foundry/releases/download/v1.7.1/foundry_v1.7.1_linux_amd64.tar.gz"
sha256 = "cf7e688ed0c4c48adffca788b496076e31060b67ac5afe1e43dbb5499c20c88b"

[[tools.artifacts]]
platform = "linux/arm64"
url = "https://github.com/foundry-rs/foundry/releases/download/v1.7.1/foundry_v1.7.1_linux_arm64.tar.gz"
sha256 = "c8fe8fa09ae3aba2c81b510c6f9da3a9d468029b9580e690b245b3f0aea687ae"
